
Microsoft Visual Studio Solution File, Format Version 12.00
# Visual Studio Version 17
VisualStudioVersion = 17.7.34221.43
MinimumVisualStudioVersion = 10.0.40219.1
Project("{FAE04EC0-301F-11D3-BF4B-00C04F79EFBC}") = "ConsoleApp4", "ConsoleApp4\ConsoleApp4.csproj", "{EC363D13-13C7-4DE9-A9C8-A7C0F9F84FF0}"
EndProject
Global
	GlobalSection(SolutionConfigurationPlatforms) = preSolution
		Debug|Any CPU = Debug|Any CPU
		Release|Any CPU = Release|Any CPU
	EndGlobalSection
	GlobalSection(ProjectConfigurationPlatforms) = postSolution
		{EC363D13-13C7-4DE9-A9C8-A7C0F9F84FF0}.Debug|Any CPU.ActiveCfg = Debug|Any CPU
		{EC363D13-13C7-4DE9-A9C8-A7C0F9F84FF0}.Debug|Any CPU.Build.0 = Debug|Any CPU
		{EC363D13-13C7-4DE9-A9C8-A7C0F9F84FF0}.Release|Any CPU.ActiveCfg = Release|Any CPU
		{EC363D13-13C7-4DE9-A9C8-A7C0F9F84FF0}.Release|Any CPU.Build.0 = Release|Any CPU
	EndGlobalSection
	GlobalSection(SolutionProperties) = preSolution
		HideSolutionNode = FALSE
	EndGlobalSection
	GlobalSection(ExtensibilityGlobals) = postSolution
		SolutionGuid = {73CB750F-BB94-4D60-9411-F962C66BB263}
	EndGlobalSection
EndGlobal
